
Microsoft Visual Studio Solution File, Format Version 12.00
# Visual Studio Version 16
VisualStudioVersion = 16.0.34031.81
MinimumVisualStudioVersion = 10.0.40219.1
Project("{FAE04EC0-301F-11D3-BF4B-00C04F79EFBC}") = "AllIn1SpriteShaderAssembly", "AllIn1SpriteShaderAssembly.csproj", "{FB4FEC11-E861-FC38-0F39-97E483D67AD1}"
EndProject
Project("{FAE04EC0-301F-11D3-BF4B-00C04F79EFBC}") = "Assembly-CSharp", "Assembly-CSharp.csproj", "{A3400F7C-E3BF-227B-A189-444163C82640}"
EndProject
Project("{FAE04EC0-301F-11D3-BF4B-00C04F79EFBC}") = "Assembly-CSharp-firstpass", "Assembly-CSharp-firstpass.csproj", "{D19B89E3-6165-CE2B-E810-D05FB5A925F5}"
EndProject
Global
	GlobalSection(SolutionConfigurationPlatforms) = preSolution
		Debug|Any CPU = Debug|Any CPU
		Release|Any CPU = Release|Any CPU
	EndGlobalSection
	GlobalSection(ProjectConfigurationPlatforms) = postSolution
		{FB4FEC11-E861-FC38-0F39-97E483D67AD1}.Debug|Any CPU.ActiveCfg = Debug|Any CPU
		{FB4FEC11-E861-FC38-0F39-97E483D67AD1}.Debug|Any CPU.Build.0 = Debug|Any CPU
		{FB4FEC11-E861-FC38-0F39-97E483D67AD1}.Release|Any CPU.ActiveCfg = Release|Any CPU
		{FB4FEC11-E861-FC38-0F39-97E483D67AD1}.Release|Any CPU.Build.0 = Release|Any CPU
		{A3400F7C-E3BF-227B-A189-444163C82640}.Debug|Any CPU.ActiveCfg = Debug|Any CPU
		{A3400F7C-E3BF-227B-A189-444163C82640}.Debug|Any CPU.Build.0 = Debug|Any CPU
		{A3400F7C-E3BF-227B-A189-444163C82640}.Release|Any CPU.ActiveCfg = Release|Any CPU
		{A3400F7C-E3BF-227B-A189-444163C82640}.Release|Any CPU.Build.0 = Release|Any CPU
		{D19B89E3-6165-CE2B-E810-D05FB5A925F5}.Debug|Any CPU.ActiveCfg = Debug|Any CPU
		{D19B89E3-6165-CE2B-E810-D05FB5A925F5}.Debug|Any CPU.Build.0 = Debug|Any CPU
		{D19B89E3-6165-CE2B-E810-D05FB5A925F5}.Release|Any CPU.ActiveCfg = Release|Any CPU
		{D19B89E3-6165-CE2B-E810-D05FB5A925F5}.Release|Any CPU.Build.0 = Release|Any CPU
	EndGlobalSection
	GlobalSection(SolutionProperties) = preSolution
		HideSolutionNode = FALSE
	EndGlobalSection
	GlobalSection(ExtensibilityGlobals) = postSolution
		SolutionGuid = {CD46C172-65F0-4749-B6AE-F21723DEA75F}
	EndGlobalSection
EndGlobal
